
Microsoft Visual Studio Solution File, Format Version 12.00
# Visual Studio 15
VisualStudioVersion = 15.0.28307.572
MinimumVisualStudioVersion = 10.0.40219.1
Project("{9A19103F-16F7-4668-BE54-9A1E7A4F7556}") = "Examen", "ConsoleApp1\Examen.csproj", "{74DC656D-6556-42BC-BB09-9E629FAFE09F}"
EndProject
Project("{9A19103F-16F7-4668-BE54-9A1E7A4F7556}") = "ExamenUTest", "ConsoleApp1UTest\ExamenUTest.csproj", "{3353FDA1-91B2-4DC3-A5F2-9D461145752D}"
EndProject
Global
	GlobalSection(SolutionConfigurationPlatforms) = preSolution
		Debug|Any CPU = Debug|Any CPU
		Release|Any CPU = Release|Any CPU
	EndGlobalSection
	GlobalSection(ProjectConfigurationPlatforms) = postSolution
		{74DC656D-6556-42BC-BB09-9E629FAFE09F}.Debug|Any CPU.ActiveCfg = Debug|Any CPU
		{74DC656D-6556-42BC-BB09-9E629FAFE09F}.Debug|Any CPU.Build.0 = Debug|Any CPU
		{74DC656D-6556-42BC-BB09-9E629FAFE09F}.Release|Any CPU.ActiveCfg = Release|Any CPU
		{74DC656D-6556-42BC-BB09-9E629FAFE09F}.Release|Any CPU.Build.0 = Release|Any CPU
		{3353FDA1-91B2-4DC3-A5F2-9D461145752D}.Debug|Any CPU.ActiveCfg = Debug|Any CPU
		{3353FDA1-91B2-4DC3-A5F2-9D461145752D}.Debug|Any CPU.Build.0 = Debug|Any CPU
		{3353FDA1-91B2-4DC3-A5F2-9D461145752D}.Release|Any CPU.ActiveCfg = Release|Any CPU
		{3353FDA1-91B2-4DC3-A5F2-9D461145752D}.Release|Any CPU.Build.0 = Release|Any CPU
	EndGlobalSection
	GlobalSection(SolutionProperties) = preSolution
		HideSolutionNode = FALSE
	EndGlobalSection
	GlobalSection(ExtensibilityGlobals) = postSolution
		SolutionGuid = {769533AC-1890-49CA-BA11-279153C27DE5}
	EndGlobalSection
EndGlobal
